Microsoft Visual Studio Solution File, Format Version 12.00
# Visual Studio Version 17
VisualStudioVersion = 17.5.2.0
MinimumVisualStudioVersion = 10.0.40219.1
Project("{FAE04EC0-301F-11D3-BF4B-00C04F79EFBC}") = "EmailQueue.API", "EmailQueue.API\EmailQueue.API.csproj", "{364FF1DE-0236-FF63-20A8-211FF3D9308D}"
EndProject
Project("{FAE04EC0-301F-11D3-BF4B-00C04F79EFBC}") = "EmailQueue.WebApp", "EmailQueue.WebApp\EmailQueue.WebApp.csproj", "{DCDCE9D6-BD2F-4F1F-AB34-88DB025DDB84}"
EndProject
Global
	GlobalSection(SolutionConfigurationPlatforms) = preSolution
		Debug|Any CPU = Debug|Any CPU
		Release|Any CPU = Release|Any CPU
	EndGlobalSection
	GlobalSection(ProjectConfigurationPlatforms) = postSolution
		{364FF1DE-0236-FF63-20A8-211FF3D9308D}.Debug|Any CPU.ActiveCfg = Debug|Any CPU
		{364FF1DE-0236-FF63-20A8-211FF3D9308D}.Debug|Any CPU.Build.0 = Debug|Any CPU
		{364FF1DE-0236-FF63-20A8-211FF3D9308D}.Release|Any CPU.ActiveCfg = Release|Any CPU
		{364FF1DE-0236-FF63-20A8-211FF3D9308D}.Release|Any CPU.Build.0 = Release|Any CPU
		{DCDCE9D6-BD2F-4F1F-AB34-88DB025DDB84}.Debug|Any CPU.ActiveCfg = Debug|Any CPU
		{DCDCE9D6-BD2F-4F1F-AB34-88DB025DDB84}.Debug|Any CPU.Build.0 = Debug|Any CPU
		{DCDCE9D6-BD2F-4F1F-AB34-88DB025DDB84}.Release|Any CPU.ActiveCfg = Release|Any CPU
		{DCDCE9D6-BD2F-4F1F-AB34-88DB025DDB84}.Release|Any CPU.Build.0 = Release|Any CPU
	EndGlobalSection
	GlobalSection(SolutionProperties) = preSolution
		HideSolutionNode = FALSE
	EndGlobalSection
	GlobalSection(ExtensibilityGlobals) = postSolution
		SolutionGuid = {E2BA8374-10D7-467E-BBA7-2E960908007C}
	EndGlobalSection
EndGlobal
